
Microsoft Visual Studio Solution File, Format Version 12.00
# Visual Studio Version 16
VisualStudioVersion = 16.0.31129.286
MinimumVisualStudioVersion = 10.0.40219.1
Project("{FAE04EC0-301F-11D3-BF4B-00C04F79EFBC}") = "WebAPI", "WebAPI\WebAPI.csproj", "{C98C80BA-D48E-454B-B89C-5E91E8C57FEA}"
EndProject
Global
	GlobalSection(SolutionConfigurationPlatforms) = preSolution
		Debug|Any CPU = Debug|Any CPU
		Release|Any CPU = Release|Any CPU
	EndGlobalSection
	GlobalSection(ProjectConfigurationPlatforms) = postSolution
		{C98C80BA-D48E-454B-B89C-5E91E8C57FEA}.Debug|Any CPU.ActiveCfg = Debug|Any CPU
		{C98C80BA-D48E-454B-B89C-5E91E8C57FEA}.Debug|Any CPU.Build.0 = Debug|Any CPU
		{C98C80BA-D48E-454B-B89C-5E91E8C57FEA}.Release|Any CPU.ActiveCfg = Release|Any CPU
		{C98C80BA-D48E-454B-B89C-5E91E8C57FEA}.Release|Any CPU.Build.0 = Release|Any CPU
	EndGlobalSection
	GlobalSection(SolutionProperties) = preSolution
		HideSolutionNode = FALSE
	EndGlobalSection
	GlobalSection(ExtensibilityGlobals) = postSolution
		SolutionGuid = {D7D21157-8F52-41D4-8A4E-2A0052CA9F38}
	EndGlobalSection
EndGlobal
